
Microsoft Visual Studio Solution File, Format Version 12.00
# Visual Studio Version 16
VisualStudioVersion = 16.0.33801.447
MinimumVisualStudioVersion = 10.0.40219.1
Project("{FAE04EC0-301F-11D3-BF4B-00C04F79EFBC}") = "JWTTEST", "JWTTEST\JWTTEST.csproj", "{1E946A84-2204-4CDA-8796-228CB0D814D0}"
EndProject
Global
	GlobalSection(SolutionConfigurationPlatforms) = preSolution
		Debug|Any CPU = Debug|Any CPU
		Release|Any CPU = Release|Any CPU
	EndGlobalSection
	GlobalSection(ProjectConfigurationPlatforms) = postSolution
		{1E946A84-2204-4CDA-8796-228CB0D814D0}.Debug|Any CPU.ActiveCfg = Debug|Any CPU
		{1E946A84-2204-4CDA-8796-228CB0D814D0}.Debug|Any CPU.Build.0 = Debug|Any CPU
		{1E946A84-2204-4CDA-8796-228CB0D814D0}.Release|Any CPU.ActiveCfg = Release|Any CPU
		{1E946A84-2204-4CDA-8796-228CB0D814D0}.Release|Any CPU.Build.0 = Release|Any CPU
	EndGlobalSection
	GlobalSection(SolutionProperties) = preSolution
		HideSolutionNode = FALSE
	EndGlobalSection
	GlobalSection(ExtensibilityGlobals) = postSolution
		SolutionGuid = {17D6CDD7-E881-40D8-9C9A-466B7201E576}
	EndGlobalSection
EndGlobal
